// !$*UTF8*$!
{
	archiveVersion = 1;
	classes = {
	};
	objectVersion = 50;
	objects = {

/* Begin PBXBuildFile section */
		7102F59722DBB60E007F787E /* L112_Path Sum.swift in Sources */ = {isa = PBXBuildFile; fileRef = 7102F59622DBB60E007F787E /* L112_Path Sum.swift */; };
		7102F59922DBE3F0007F787E /* L437_Path Sum III.swift in Sources */ = {isa = PBXBuildFile; fileRef = 7102F59822DBE3F0007F787E /* L437_Path Sum III.swift */; };
		7102F59B22DE3F17007F787E /* L118_Pascal Triangle.swift in Sources */ = {isa = PBXBuildFile; fileRef = 7102F59A22DE3F17007F787E /* L118_Pascal Triangle.swift */; };
		7102F59D22DE6315007F787E /* L119_Pascal Triangle II.swift in Sources */ = {isa = PBXBuildFile; fileRef = 7102F59C22DE6315007F787E /* L119_Pascal Triangle II.swift */; };
		7102F59F22DE866C007F787E /* L121_Best Time to Buy and Sell Stock.swift in Sources */ = {isa = PBXBuildFile; fileRef = 7102F59E22DE866C007F787E /* L121_Best Time to Buy and Sell Stock.swift */; };
		7102F5A122DEAE55007F787E /* L122_Best Time to Buy and Sell Stock II.swift in Sources */ = {isa = PBXBuildFile; fileRef = 7102F5A022DEAE55007F787E /* L122_Best Time to Buy and Sell Stock II.swift */; };
		7102F5A522DF82EC007F787E /* L155_Min Stack.swift in Sources */ = {isa = PBXBuildFile; fileRef = 7102F5A422DF82EC007F787E /* L155_Min Stack.swift */; };
		7102F5A922DFA559007F787E /* L168_Excel Sheet Column Title.swift in Sources */ = {isa = PBXBuildFile; fileRef = 7102F5A822DFA559007F787E /* L168_Excel Sheet Column Title.swift */; };
		7102F5AB22DFE75F007F787E /* L169_Majority Element.swift in Sources */ = {isa = PBXBuildFile; fileRef = 7102F5AA22DFE75F007F787E /* L169_Majority Element.swift */; };
		7110F98122C46CCA00ADC106 /* L007_Reverse Integer.swift in Sources */ = {isa = PBXBuildFile; fileRef = 7110F98022C46CCA00ADC106 /* L007_Reverse Integer.swift */; };
		7110F98322C46D4900ADC106 /* L009_Palindrome Number.swift in Sources */ = {isa = PBXBuildFile; fileRef = 7110F98222C46D4900ADC106 /* L009_Palindrome Number.swift */; };
		7110F98522C46DDE00ADC106 /* L012_Integer to Roman.swift in Sources */ = {isa = PBXBuildFile; fileRef = 7110F98422C46DDE00ADC106 /* L012_Integer to Roman.swift */; };
		7110F98722C4737B00ADC106 /* L013_Roman to Integer.swift in Sources */ = {isa = PBXBuildFile; fileRef = 7110F98622C4737B00ADC106 /* L013_Roman to Integer.swift */; };
		7110F98922C4740200ADC106 /* L014_Longest Common Prefix.swift in Sources */ = {isa = PBXBuildFile; fileRef = 7110F98822C4740200ADC106 /* L014_Longest Common Prefix.swift */; };
		7110F98B22C4749E00ADC106 /* L020_Valid Parantheses.swift in Sources */ = {isa = PBXBuildFile; fileRef = 7110F98A22C4749E00ADC106 /* L020_Valid Parantheses.swift */; };
		7110F98D22C4751400ADC106 /* L167_Two Sum_Sorted Input.swift in Sources */ = {isa = PBXBuildFile; fileRef = 7110F98C22C4751400ADC106 /* L167_Two Sum_Sorted Input.swift */; };
		7121A2CB22D6990B00996954 /* L104_Maximum Depth of Binary Tree.swift in Sources */ = {isa = PBXBuildFile; fileRef = 7121A2CA22D6990B00996954 /* L104_Maximum Depth of Binary Tree.swift */; };
		7121A2CF22D7A85700996954 /* L107_Binary Tree Level Order Traversal II.swift in Sources */ = {isa = PBXBuildFile; fileRef = 7121A2CE22D7A85700996954 /* L107_Binary Tree Level Order Traversal II.swift */; };
		7121A2D122DA403100996954 /* L110_Balanced Binary Tree.swift in Sources */ = {isa = PBXBuildFile; fileRef = 7121A2D022DA403100996954 /* L110_Balanced Binary Tree.swift */; };
		7121A2D322DA978300996954 /* L111_Minimum Depth of Binary Tree.swift in Sources */ = {isa = PBXBuildFile; fileRef = 7121A2D222DA978300996954 /* L111_Minimum Depth of Binary Tree.swift */; };
		71864FA722CA5978005566D1 /* L026_Remove Duplicates from Sorted Array.swift in Sources */ = {isa = PBXBuildFile; fileRef = 71864FA622CA5978005566D1 /* L026_Remove Duplicates from Sorted Array.swift */; };
		71864FA922CA7C45005566D1 /* L027_Remove Element.swift in Sources */ = {isa = PBXBuildFile; fileRef = 71864FA822CA7C45005566D1 /* L027_Remove Element.swift */; };
		71864FAB22CAB0DB005566D1 /* L028_Implement SubStr.swift in Sources */ = {isa = PBXBuildFile; fileRef = 71864FAA22CAB0DB005566D1 /* L028_Implement SubStr.swift */; };
		71864FAD22CAC2BB005566D1 /* L459_Repeated Substring Pattern.swift in Sources */ = {isa = PBXBuildFile; fileRef = 71864FAC22CAC2BB005566D1 /* L459_Repeated Substring Pattern.swift */; };
		719A2E2C22CC554400A635BE /* L035_Search Insert Position.swift in Sources */ = {isa = PBXBuildFile; fileRef = 719A2E2B22CC554400A635BE /* L035_Search Insert Position.swift */; };
		719A2E2E22CC5DF300A635BE /* L038_Count and Say.swift in Sources */ = {isa = PBXBuildFile; fileRef = 719A2E2D22CC5DF300A635BE /* L038_Count and Say.swift */; };
		719A2E3022CD507500A635BE /* L053_Maximum Subarray.swift in Sources */ = {isa = PBXBuildFile; fileRef = 719A2E2F22CD507500A635BE /* L053_Maximum Subarray.swift */; };
		719A2E3222CD89DA00A635BE /* L058_Length of Last Word.swift in Sources */ = {isa = PBXBuildFile; fileRef = 719A2E3122CD89DA00A635BE /* L058_Length of Last Word.swift */; };
		719A2E3422CE54B200A635BE /* L066_Plus One.swift in Sources */ = {isa = PBXBuildFile; fileRef = 719A2E3322CE54B200A635BE /* L066_Plus One.swift */; };
		719A2E3622CE5DB000A635BE /* L067_Add Binary.swift in Sources */ = {isa = PBXBuildFile; fileRef = 719A2E3522CE5DB000A635BE /* L067_Add Binary.swift */; };
		719A2E3822CE73E100A635BE /* L069_Square Root.swift in Sources */ = {isa = PBXBuildFile; fileRef = 719A2E3722CE73E100A635BE /* L069_Square Root.swift */; };
		719A2E3A22CE8F4800A635BE /* L070_Climbing Stairs.swift in Sources */ = {isa = PBXBuildFile; fileRef = 719A2E3922CE8F4800A635BE /* L070_Climbing Stairs.swift */; };
		71A0FBDA22C5217F00338690 /* L704_Binary Search.swift in Sources */ = {isa = PBXBuildFile; fileRef = 71A0FBD922C5217F00338690 /* L704_Binary Search.swift */; };
		71A0FBDC22C5285400338690 /* L268_Missing Number.swift in Sources */ = {isa = PBXBuildFile; fileRef = 71A0FBDB22C5285400338690 /* L268_Missing Number.swift */; };
		71A0FBDE22C5378D00338690 /* L136_Single Number.swift in Sources */ = {isa = PBXBuildFile; fileRef = 71A0FBDD22C5378D00338690 /* L136_Single Number.swift */; };
		71A0FBE022C6719400338690 /* L021_Merge Two Sorted Lists.swift in Sources */ = {isa = PBXBuildFile; fileRef = 71A0FBDF22C6719400338690 /* L021_Merge Two Sorted Lists.swift */; };
		71B4D32122C469D0005EBCD2 /* LeetCode.framework in Frameworks */ = {isa = PBXBuildFile; fileRef = 71B4D31722C469D0005EBCD2 /* LeetCode.framework */; };
		71B4D32822C469D0005EBCD2 /* LeetCode.h in Headers */ = {isa = PBXBuildFile; fileRef = 71B4D31A22C469D0005EBCD2 /* LeetCode.h */; settings = {ATTRIBUTES = (Public, ); }; };
		71B4D33222C46A1B005EBCD2 /* L001_Two Sum.swift in Sources */ = {isa = PBXBuildFile; fileRef = 71B4D33122C46A1B005EBCD2 /* L001_Two Sum.swift */; };
		71EA526A22E2625A00CEF5F9 /* L171_Excel Sheet Column Number.swift in Sources */ = {isa = PBXBuildFile; fileRef = 71EA526922E2625900CEF5F9 /* L171_Excel Sheet Column Number.swift */; };
		71EA526C22E2772A00CEF5F9 /* L172_Factorial Trailing Zeroes.swift in Sources */ = {isa = PBXBuildFile; fileRef = 71EA526B22E2772A00CEF5F9 /* L172_Factorial Trailing Zeroes.swift */; };
		71EA526E22E27A4D00CEF5F9 /* L189_Rotate Array.swift in Sources */ = {isa = PBXBuildFile; fileRef = 71EA526D22E27A4D00CEF5F9 /* L189_Rotate Array.swift */; };
		71EB843922D535A70072D039 /* L101_Symmetric Tree.swift in Sources */ = {isa = PBXBuildFile; fileRef = 71EB843822D535A70072D039 /* L101_Symmetric Tree.swift */; };
		71EB843C22D568680072D039 /* LinkedList.swift in Sources */ = {isa = PBXBuildFile; fileRef = 71EB843B22D568680072D039 /* LinkedList.swift */; };
		71EB843E22D635800072D039 /* L206_Reverse Linked List.swift in Sources */ = {isa = PBXBuildFile; fileRef = 71EB843D22D635800072D039 /* L206_Reverse Linked List.swift */; };
		71EB844022D63AB50072D039 /* BinaryTree.swift in Sources */ = {isa = PBXBuildFile; fileRef = 71EB843F22D63AB50072D039 /* BinaryTree.swift */; };
		71FC7A4922CFDAA200413EDD /* L083_Remove Duplicates from Sorted List.swift in Sources */ = {isa = PBXBuildFile; fileRef = 71FC7A4822CFDAA200413EDD /* L083_Remove Duplicates from Sorted List.swift */; };
		71FC7A4B22D1466D00413EDD /* L088_Merge Sorted Array.swift in Sources */ = {isa = PBXBuildFile; fileRef = 71FC7A4A22D1466D00413EDD /* L088_Merge Sorted Array.swift */; };
		71FC7A4D22D251D900413EDD /* L100_Same Tree.swift in Sources */ = {isa = PBXBuildFile; fileRef = 71FC7A4C22D251D900413EDD /* L100_Same Tree.swift */; };
/* End PBXBuildFile section */

/* Begin PBXContainerItemProxy section */
		71B4D32222C469D0005EBCD2 /* PBXContainerItemProxy */ = {
			isa = PBXContainerItemProxy;
			containerPortal = 71B4D30E22C469D0005EBCD2 /* Project object */;
			proxyType = 1;
			remoteGlobalIDString = 71B4D31622C469D0005EBCD2;
			remoteInfo = LeetCode;
		};
/* End PBXContainerItemProxy section */

/* Begin PBXFileReference section */
		7102F59622DBB60E007F787E /* L112_Path Sum.swift */ = {isa = PBXFileReference; lastKnownFileType = sourcecode.swift; path = "L112_Path Sum.swift"; sourceTree = "<group>"; };
		7102F59822DBE3F0007F787E /* L437_Path Sum III.swift */ = {isa = PBXFileReference; lastKnownFileType = sourcecode.swift; path = "L437_Path Sum III.swift"; sourceTree = "<group>"; };
		7102F59A22DE3F17007F787E /* L118_Pascal Triangle.swift */ = {isa = PBXFileReference; lastKnownFileType = sourcecode.swift; path = "L118_Pascal Triangle.swift"; sourceTree = "<group>"; };
		7102F59C22DE6315007F787E /* L119_Pascal Triangle II.swift */ = {isa = PBXFileReference; lastKnownFileType = sourcecode.swift; path = "L119_Pascal Triangle II.swift"; sourceTree = "<group>"; };
		7102F59E22DE866C007F787E /* L121_Best Time to Buy and Sell Stock.swift */ = {isa = PBXFileReference; lastKnownFileType = sourcecode.swift; path = "L121_Best Time to Buy and Sell Stock.swift"; sourceTree = "<group>"; };
		7102F5A022DEAE55007F787E /* L122_Best Time to Buy and Sell Stock II.swift */ = {isa = PBXFileReference; lastKnownFileType = sourcecode.swift; path = "L122_Best Time to Buy and Sell Stock II.swift"; sourceTree = "<group>"; };
		7102F5A422DF82EC007F787E /* L155_Min Stack.swift */ = {isa = PBXFileReference; lastKnownFileType = sourcecode.swift; path = "L155_Min Stack.swift"; sourceTree = "<group>"; };
		7102F5A822DFA559007F787E /* L168_Excel Sheet Column Title.swift */ = {isa = PBXFileReference; lastKnownFileType = sourcecode.swift; path = "L168_Excel Sheet Column Title.swift"; sourceTree = "<group>"; };
		7102F5AA22DFE75F007F787E /* L169_Majority Element.swift */ = {isa = PBXFileReference; lastKnownFileType = sourcecode.swift; path = "L169_Majority Element.swift"; sourceTree = "<group>"; };
		7110F98022C46CCA00ADC106 /* L007_Reverse Integer.swift */ = {isa = PBXFileReference; lastKnownFileType = sourcecode.swift; path = "L007_Reverse Integer.swift"; sourceTree = "<group>"; };
		7110F98222C46D4900ADC106 /* L009_Palindrome Number.swift */ = {isa = PBXFileReference; lastKnownFileType = sourcecode.swift; path = "L009_Palindrome Number.swift"; sourceTree = "<group>"; };
		7110F98422C46DDE00ADC106 /* L012_Integer to Roman.swift */ = {isa = PBXFileReference; lastKnownFileType = sourcecode.swift; path = "L012_Integer to Roman.swift"; sourceTree = "<group>"; };
		7110F98622C4737B00ADC106 /* L013_Roman to Integer.swift */ = {isa = PBXFileReference; lastKnownFileType = sourcecode.swift; path = "L013_Roman to Integer.swift"; sourceTree = "<group>"; };
		7110F98822C4740200ADC106 /* L014_Longest Common Prefix.swift */ = {isa = PBXFileReference; lastKnownFileType = sourcecode.swift; path = "L014_Longest Common Prefix.swift"; sourceTree = "<group>"; };
		7110F98A22C4749E00ADC106 /* L020_Valid Parantheses.swift */ = {isa = PBXFileReference; lastKnownFileType = sourcecode.swift; path = "L020_Valid Parantheses.swift"; sourceTree = "<group>"; };
		7110F98C22C4751400ADC106 /* L167_Two Sum_Sorted Input.swift */ = {isa = PBXFileReference; lastKnownFileType = sourcecode.swift; path = "L167_Two Sum_Sorted Input.swift"; sourceTree = "<group>"; };
		7121A2CA22D6990B00996954 /* L104_Maximum Depth of Binary Tree.swift */ = {isa = PBXFileReference; lastKnownFileType = sourcecode.swift; path = "L104_Maximum Depth of Binary Tree.swift"; sourceTree = "<group>"; };
		7121A2CE22D7A85700996954 /* L107_Binary Tree Level Order Traversal II.swift */ = {isa = PBXFileReference; lastKnownFileType = sourcecode.swift; path = "L107_Binary Tree Level Order Traversal II.swift"; sourceTree = "<group>"; };
		7121A2D022DA403100996954 /* L110_Balanced Binary Tree.swift */ = {isa = PBXFileReference; lastKnownFileType = sourcecode.swift; path = "L110_Balanced Binary Tree.swift"; sourceTree = "<group>"; };
		7121A2D222DA978300996954 /* L111_Minimum Depth of Binary Tree.swift */ = {isa = PBXFileReference; lastKnownFileType = sourcecode.swift; path = "L111_Minimum Depth of Binary Tree.swift"; sourceTree = "<group>"; };
		71864FA622CA5978005566D1 /* L026_Remove Duplicates from Sorted Array.swift */ = {isa = PBXFileReference; lastKnownFileType = sourcecode.swift; path = "L026_Remove Duplicates from Sorted Array.swift"; sourceTree = "<group>"; };
		71864FA822CA7C45005566D1 /* L027_Remove Element.swift */ = {isa = PBXFileReference; lastKnownFileType = sourcecode.swift; path = "L027_Remove Element.swift"; sourceTree = "<group>"; };
		71864FAA22CAB0DB005566D1 /* L028_Implement SubStr.swift */ = {isa = PBXFileReference; lastKnownFileType = sourcecode.swift; path = "L028_Implement SubStr.swift"; sourceTree = "<group>"; };
		71864FAC22CAC2BB005566D1 /* L459_Repeated Substring Pattern.swift */ = {isa = PBXFileReference; lastKnownFileType = sourcecode.swift; path = "L459_Repeated Substring Pattern.swift"; sourceTree = "<group>"; };
		719A2E2B22CC554400A635BE /* L035_Search Insert Position.swift */ = {isa = PBXFileReference; lastKnownFileType = sourcecode.swift; path = "L035_Search Insert Position.swift"; sourceTree = "<group>"; };
		719A2E2D22CC5DF300A635BE /* L038_Count and Say.swift */ = {isa = PBXFileReference; lastKnownFileType = sourcecode.swift; path = "L038_Count and Say.swift"; sourceTree = "<group>"; };
		719A2E2F22CD507500A635BE /* L053_Maximum Subarray.swift */ = {isa = PBXFileReference; lastKnownFileType = sourcecode.swift; path = "L053_Maximum Subarray.swift"; sourceTree = "<group>"; };
		719A2E3122CD89DA00A635BE /* L058_Length of Last Word.swift */ = {isa = PBXFileReference; lastKnownFileType = sourcecode.swift; path = "L058_Length of Last Word.swift"; sourceTree = "<group>"; };
		719A2E3322CE54B200A635BE /* L066_Plus One.swift */ = {isa = PBXFileReference; lastKnownFileType = sourcecode.swift; path = "L066_Plus One.swift"; sourceTree = "<group>"; };
		719A2E3522CE5DB000A635BE /* L067_Add Binary.swift */ = {isa = PBXFileReference; lastKnownFileType = sourcecode.swift; path = "L067_Add Binary.swift"; sourceTree = "<group>"; };
		719A2E3722CE73E100A635BE /* L069_Square Root.swift */ = {isa = PBXFileReference; lastKnownFileType = sourcecode.swift; path = "L069_Square Root.swift"; sourceTree = "<group>"; };
		719A2E3922CE8F4800A635BE /* L070_Climbing Stairs.swift */ = {isa = PBXFileReference; lastKnownFileType = sourcecode.swift; path = "L070_Climbing Stairs.swift"; sourceTree = "<group>"; };
		71A0FBD922C5217F00338690 /* L704_Binary Search.swift */ = {isa = PBXFileReference; lastKnownFileType = sourcecode.swift; path = "L704_Binary Search.swift"; sourceTree = "<group>"; };
		71A0FBDB22C5285400338690 /* L268_Missing Number.swift */ = {isa = PBXFileReference; lastKnownFileType = sourcecode.swift; path = "L268_Missing Number.swift"; sourceTree = "<group>"; };
		71A0FBDD22C5378D00338690 /* L136_Single Number.swift */ = {isa = PBXFileReference; lastKnownFileType = sourcecode.swift; path = "L136_Single Number.swift"; sourceTree = "<group>"; };
		71A0FBDF22C6719400338690 /* L021_Merge Two Sorted Lists.swift */ = {isa = PBXFileReference; lastKnownFileType = sourcecode.swift; path = "L021_Merge Two Sorted Lists.swift"; sourceTree = "<group>"; };
		71B4D31722C469D0005EBCD2 /* LeetCode.framework */ = {isa = PBXFileReference; explicitFileType = wrapper.framework; includeInIndex = 0; path = LeetCode.framework; sourceTree = BUILT_PRODUCTS_DIR; };
		71B4D31A22C469D0005EBCD2 /* LeetCode.h */ = {isa = PBXFileReference; lastKnownFileType = sourcecode.c.h; path = LeetCode.h; sourceTree = "<group>"; };
		71B4D31B22C469D0005EBCD2 /* Info.plist */ = {isa = PBXFileReference; lastKnownFileType = text.plist.xml; path = Info.plist; sourceTree = "<group>"; };
		71B4D32022C469D0005EBCD2 /* LeetCodeTests.xctest */ = {isa = PBXFileReference; explicitFileType = wrapper.cfbundle; includeInIndex = 0; path = LeetCodeTests.xctest; sourceTree = BUILT_PRODUCTS_DIR; };
		71B4D32722C469D0005EBCD2 /* Info.plist */ = {isa = PBXFileReference; lastKnownFileType = text.plist.xml; path = Info.plist; sourceTree = "<group>"; };
		71B4D33122C46A1B005EBCD2 /* L001_Two Sum.swift */ = {isa = PBXFileReference; lastKnownFileType = sourcecode.swift; path = "L001_Two Sum.swift"; sourceTree = "<group>"; };
		71EA526922E2625900CEF5F9 /* L171_Excel Sheet Column Number.swift */ = {isa = PBXFileReference; lastKnownFileType = sourcecode.swift; path = "L171_Excel Sheet Column Number.swift"; sourceTree = "<group>"; };
		71EA526B22E2772A00CEF5F9 /* L172_Factorial Trailing Zeroes.swift */ = {isa = PBXFileReference; lastKnownFileType = sourcecode.swift; path = "L172_Factorial Trailing Zeroes.swift"; sourceTree = "<group>"; };
		71EA526D22E27A4D00CEF5F9 /* L189_Rotate Array.swift */ = {isa = PBXFileReference; lastKnownFileType = sourcecode.swift; path = "L189_Rotate Array.swift"; sourceTree = "<group>"; };
		71EB843822D535A70072D039 /* L101_Symmetric Tree.swift */ = {isa = PBXFileReference; lastKnownFileType = sourcecode.swift; path = "L101_Symmetric Tree.swift"; sourceTree = "<group>"; };
		71EB843B22D568680072D039 /* LinkedList.swift */ = {isa = PBXFileReference; lastKnownFileType = sourcecode.swift; path = LinkedList.swift; sourceTree = "<group>"; };
		71EB843D22D635800072D039 /* L206_Reverse Linked List.swift */ = {isa = PBXFileReference; lastKnownFileType = sourcecode.swift; path = "L206_Reverse Linked List.swift"; sourceTree = "<group>"; };
		71EB843F22D63AB50072D039 /* BinaryTree.swift */ = {isa = PBXFileReference; lastKnownFileType = sourcecode.swift; path = BinaryTree.swift; sourceTree = "<group>"; };
		71FC7A4822CFDAA200413EDD /* L083_Remove Duplicates from Sorted List.swift */ = {isa = PBXFileReference; lastKnownFileType = sourcecode.swift; path = "L083_Remove Duplicates from Sorted List.swift"; sourceTree = "<group>"; };
		71FC7A4A22D1466D00413EDD /* L088_Merge Sorted Array.swift */ = {isa = PBXFileReference; lastKnownFileType = sourcecode.swift; path = "L088_Merge Sorted Array.swift"; sourceTree = "<group>"; };
		71FC7A4C22D251D900413EDD /* L100_Same Tree.swift */ = {isa = PBXFileReference; lastKnownFileType = sourcecode.swift; path = "L100_Same Tree.swift"; sourceTree = "<group>"; };
/* End PBXFileReference section */

/* Begin PBXFrameworksBuildPhase section */
		71B4D31422C469D0005EBCD2 /* Frameworks */ = {
			isa = PBXFrameworksBuildPhase;
			buildActionMask = 2147483647;
			files = (
			);
			runOnlyForDeploymentPostprocessing = 0;
		};
		71B4D31D22C469D0005EBCD2 /* Frameworks */ = {
			isa = PBXFrameworksBuildPhase;
			buildActionMask = 2147483647;
			files = (
				71B4D32122C469D0005EBCD2 /* LeetCode.framework in Frameworks */,
			);
			runOnlyForDeploymentPostprocessing = 0;
		};
/* End PBXFrameworksBuildPhase section */

/* Begin PBXGroup section */
		71B4D30D22C469D0005EBCD2 = {
			isa = PBXGroup;
			children = (
				71B4D31922C469D0005EBCD2 /* LeetCode */,
				71B4D32422C469D0005EBCD2 /* LeetCodeTests */,
				71B4D31822C469D0005EBCD2 /* Products */,
			);
			sourceTree = "<group>";
		};
		71B4D31822C469D0005EBCD2 /* Products */ = {
			isa = PBXGroup;
			children = (
				71B4D31722C469D0005EBCD2 /* LeetCode.framework */,
				71B4D32022C469D0005EBCD2 /* LeetCodeTests.xctest */,
			);
			name = Products;
			sourceTree = "<group>";
		};
		71B4D31922C469D0005EBCD2 /* LeetCode */ = {
			isa = PBXGroup;
			children = (
				71B4D31A22C469D0005EBCD2 /* LeetCode.h */,
				71B4D31B22C469D0005EBCD2 /* Info.plist */,
			);
			path = LeetCode;
			sourceTree = "<group>";
		};
		71B4D32422C469D0005EBCD2 /* LeetCodeTests */ = {
			isa = PBXGroup;
			children = (
				71EB843A22D568410072D039 /* Model */,
				71B4D32722C469D0005EBCD2 /* Info.plist */,
				71B4D33122C46A1B005EBCD2 /* L001_Two Sum.swift */,
				7110F98022C46CCA00ADC106 /* L007_Reverse Integer.swift */,
				7110F98222C46D4900ADC106 /* L009_Palindrome Number.swift */,
				7110F98422C46DDE00ADC106 /* L012_Integer to Roman.swift */,
				7110F98622C4737B00ADC106 /* L013_Roman to Integer.swift */,
				7110F98822C4740200ADC106 /* L014_Longest Common Prefix.swift */,
				7110F98A22C4749E00ADC106 /* L020_Valid Parantheses.swift */,
				71A0FBDF22C6719400338690 /* L021_Merge Two Sorted Lists.swift */,
				71864FA622CA5978005566D1 /* L026_Remove Duplicates from Sorted Array.swift */,
				71864FA822CA7C45005566D1 /* L027_Remove Element.swift */,
				71864FAA22CAB0DB005566D1 /* L028_Implement SubStr.swift */,
				719A2E2B22CC554400A635BE /* L035_Search Insert Position.swift */,
				719A2E2D22CC5DF300A635BE /* L038_Count and Say.swift */,
				719A2E2F22CD507500A635BE /* L053_Maximum Subarray.swift */,
				719A2E3122CD89DA00A635BE /* L058_Length of Last Word.swift */,
				719A2E3322CE54B200A635BE /* L066_Plus One.swift */,
				719A2E3522CE5DB000A635BE /* L067_Add Binary.swift */,
				719A2E3722CE73E100A635BE /* L069_Square Root.swift */,
				719A2E3922CE8F4800A635BE /* L070_Climbing Stairs.swift */,
				71FC7A4822CFDAA200413EDD /* L083_Remove Duplicates from Sorted List.swift */,
				71FC7A4A22D1466D00413EDD /* L088_Merge Sorted Array.swift */,
				71FC7A4C22D251D900413EDD /* L100_Same Tree.swift */,
				71EB843822D535A70072D039 /* L101_Symmetric Tree.swift */,
				7121A2CA22D6990B00996954 /* L104_Maximum Depth of Binary Tree.swift */,
				7121A2CE22D7A85700996954 /* L107_Binary Tree Level Order Traversal II.swift */,
				7121A2D022DA403100996954 /* L110_Balanced Binary Tree.swift */,
				7121A2D222DA978300996954 /* L111_Minimum Depth of Binary Tree.swift */,
				7102F59622DBB60E007F787E /* L112_Path Sum.swift */,
				7102F59A22DE3F17007F787E /* L118_Pascal Triangle.swift */,
				7102F59C22DE6315007F787E /* L119_Pascal Triangle II.swift */,
				7102F59E22DE866C007F787E /* L121_Best Time to Buy and Sell Stock.swift */,
				7102F5A022DEAE55007F787E /* L122_Best Time to Buy and Sell Stock II.swift */,
				71A0FBDD22C5378D00338690 /* L136_Single Number.swift */,
				7110F98C22C4751400ADC106 /* L167_Two Sum_Sorted Input.swift */,
				71EB843D22D635800072D039 /* L206_Reverse Linked List.swift */,
				71A0FBDB22C5285400338690 /* L268_Missing Number.swift */,
				7102F59822DBE3F0007F787E /* L437_Path Sum III.swift */,
				71864FAC22CAC2BB005566D1 /* L459_Repeated Substring Pattern.swift */,
				71A0FBD922C5217F00338690 /* L704_Binary Search.swift */,
				7102F5A422DF82EC007F787E /* L155_Min Stack.swift */,
				7102F5A822DFA559007F787E /* L168_Excel Sheet Column Title.swift */,
				7102F5AA22DFE75F007F787E /* L169_Majority Element.swift */,
				71EA526922E2625900CEF5F9 /* L171_Excel Sheet Column Number.swift */,
				71EA526B22E2772A00CEF5F9 /* L172_Factorial Trailing Zeroes.swift */,
				71EA526D22E27A4D00CEF5F9 /* L189_Rotate Array.swift */,
			);
			path = LeetCodeTests;
			sourceTree = "<group>";
		};
		71EB843A22D568410072D039 /* Model */ = {
			isa = PBXGroup;
			children = (
				71EB843B22D568680072D039 /* LinkedList.swift */,
				71EB843F22D63AB50072D039 /* BinaryTree.swift */,
			);
			path = Model;
			sourceTree = "<group>";
		};
/* End PBXGroup section */

/* Begin PBXHeadersBuildPhase section */
		71B4D31222C469D0005EBCD2 /* Headers */ = {
			isa = PBXHeadersBuildPhase;
			buildActionMask = 2147483647;
			files = (
				71B4D32822C469D0005EBCD2 /* LeetCode.h in Headers */,
			);
			runOnlyForDeploymentPostprocessing = 0;
		};
/* End PBXHeadersBuildPhase section */

/* Begin PBXNativeTarget section */
		71B4D31622C469D0005EBCD2 /* LeetCode */ = {
			isa = PBXNativeTarget;
			buildConfigurationList = 71B4D32B22C469D0005EBCD2 /* Build configuration list for PBXNativeTarget "LeetCode" */;
			buildPhases = (
				71B4D31222C469D0005EBCD2 /* Headers */,
				71B4D31322C469D0005EBCD2 /* Sources */,
				71B4D31422C469D0005EBCD2 /* Frameworks */,
				71B4D31522C469D0005EBCD2 /* Resources */,
			);
			buildRules = (
			);
			dependencies = (
			);
			name = LeetCode;
			productName = LeetCode;
			productReference = 71B4D31722C469D0005EBCD2 /* LeetCode.framework */;
			productType = "com.apple.product-type.framework";
		};
		71B4D31F22C469D0005EBCD2 /* LeetCodeTests */ = {
			isa = PBXNativeTarget;
			buildConfigurationList = 71B4D32E22C469D0005EBCD2 /* Build configuration list for PBXNativeTarget "LeetCodeTests" */;
			buildPhases = (
				71B4D31C22C469D0005EBCD2 /* Sources */,
				71B4D31D22C469D0005EBCD2 /* Frameworks */,
				71B4D31E22C469D0005EBCD2 /* Resources */,
			);
			buildRules = (
			);
			dependencies = (
				71B4D32322C469D0005EBCD2 /* PBXTargetDependency */,
			);
			name = LeetCodeTests;
			productName = LeetCodeTests;
			productReference = 71B4D32022C469D0005EBCD2 /* LeetCodeTests.xctest */;
			productType = "com.apple.product-type.bundle.unit-test";
		};
/* End PBXNativeTarget section */

/* Begin PBXProject section */
		71B4D30E22C469D0005EBCD2 /* Project object */ = {
			isa = PBXProject;
			attributes = {
				LastSwiftUpdateCheck = 1020;
				LastUpgradeCheck = 1020;
				ORGANIZATIONNAME = Ray;
				TargetAttributes = {
					71B4D31622C469D0005EBCD2 = {
						CreatedOnToolsVersion = 10.2.1;
					};
					71B4D31F22C469D0005EBCD2 = {
						CreatedOnToolsVersion = 10.2.1;
						LastSwiftMigration = 1020;
					};
				};
			};
			buildConfigurationList = 71B4D31122C469D0005EBCD2 /* Build configuration list for PBXProject "LeetCode" */;
			compatibilityVersion = "Xcode 9.3";
			developmentRegion = en;
			hasScannedForEncodings = 0;
			knownRegions = (
				en,
			);
			mainGroup = 71B4D30D22C469D0005EBCD2;
			productRefGroup = 71B4D31822C469D0005EBCD2 /* Products */;
			projectDirPath = "";
			projectRoot = "";
			targets = (
				71B4D31622C469D0005EBCD2 /* LeetCode */,
				71B4D31F22C469D0005EBCD2 /* LeetCodeTests */,
			);
		};
/* End PBXProject section */

/* Begin PBXResourcesBuildPhase section */
		71B4D31522C469D0005EBCD2 /* Resources */ = {
			isa = PBXResourcesBuildPhase;
			buildActionMask = 2147483647;
			files = (
			);
			runOnlyForDeploymentPostprocessing = 0;
		};
		71B4D31E22C469D0005EBCD2 /* Resources */ = {
			isa = PBXResourcesBuildPhase;
			buildActionMask = 2147483647;
			files = (
			);
			runOnlyForDeploymentPostprocessing = 0;
		};
/* End PBXResourcesBuildPhase section */

/* Begin PBXSourcesBuildPhase section */
		71B4D31322C469D0005EBCD2 /* Sources */ = {
			isa = PBXSourcesBuildPhase;
			buildActionMask = 2147483647;
			files = (
			);
			runOnlyForDeploymentPostprocessing = 0;
		};
		71B4D31C22C469D0005EBCD2 /* Sources */ = {
			isa = PBXSourcesBuildPhase;
			buildActionMask = 2147483647;
			files = (
				71864FA922CA7C45005566D1 /* L027_Remove Element.swift in Sources */,
				71864FAB22CAB0DB005566D1 /* L028_Implement SubStr.swift in Sources */,
				7121A2D122DA403100996954 /* L110_Balanced Binary Tree.swift in Sources */,
				71EA526C22E2772A00CEF5F9 /* L172_Factorial Trailing Zeroes.swift in Sources */,
				7102F59922DBE3F0007F787E /* L437_Path Sum III.swift in Sources */,
				71EA526E22E27A4D00CEF5F9 /* L189_Rotate Array.swift in Sources */,
				719A2E3A22CE8F4800A635BE /* L070_Climbing Stairs.swift in Sources */,
				71EB843C22D568680072D039 /* LinkedList.swift in Sources */,
				71A0FBDA22C5217F00338690 /* L704_Binary Search.swift in Sources */,
				719A2E2C22CC554400A635BE /* L035_Search Insert Position.swift in Sources */,
				7102F59B22DE3F17007F787E /* L118_Pascal Triangle.swift in Sources */,
				7110F98922C4740200ADC106 /* L014_Longest Common Prefix.swift in Sources */,
				71FC7A4D22D251D900413EDD /* L100_Same Tree.swift in Sources */,
				71FC7A4922CFDAA200413EDD /* L083_Remove Duplicates from Sorted List.swift in Sources */,
				7121A2CF22D7A85700996954 /* L107_Binary Tree Level Order Traversal II.swift in Sources */,
				71864FA722CA5978005566D1 /* L026_Remove Duplicates from Sorted Array.swift in Sources */,
				71B4D33222C46A1B005EBCD2 /* L001_Two Sum.swift in Sources */,
				71864FAD22CAC2BB005566D1 /* L459_Repeated Substring Pattern.swift in Sources */,
				7110F98D22C4751400ADC106 /* L167_Two Sum_Sorted Input.swift in Sources */,
				7102F59722DBB60E007F787E /* L112_Path Sum.swift in Sources */,
				71FC7A4B22D1466D00413EDD /* L088_Merge Sorted Array.swift in Sources */,
				7102F59F22DE866C007F787E /* L121_Best Time to Buy and Sell Stock.swift in Sources */,
				71A0FBE022C6719400338690 /* L021_Merge Two Sorted Lists.swift in Sources */,
				7110F98722C4737B00ADC106 /* L013_Roman to Integer.swift in Sources */,
				719A2E3422CE54B200A635BE /* L066_Plus One.swift in Sources */,
				7102F5A922DFA559007F787E /* L168_Excel Sheet Column Title.swift in Sources */,
				719A2E2E22CC5DF300A635BE /* L038_Count and Say.swift in Sources */,
				719A2E3222CD89DA00A635BE /* L058_Length of Last Word.swift in Sources */,
				71EA526A22E2625A00CEF5F9 /* L171_Excel Sheet Column Number.swift in Sources */,
				71EB843922D535A70072D039 /* L101_Symmetric Tree.swift in Sources */,
				71EB844022D63AB50072D039 /* BinaryTree.swift in Sources */,
				71A0FBDE22C5378D00338690 /* L136_Single Number.swift in Sources */,
				7121A2D322DA978300996954 /* L111_Minimum Depth of Binary Tree.swift in Sources */,
				7110F98322C46D4900ADC106 /* L009_Palindrome Number.swift in Sources */,
				71A0FBDC22C5285400338690 /* L268_Missing Number.swift in Sources */,
				7110F98522C46DDE00ADC106 /* L012_Integer to Roman.swift in Sources */,
				7110F98122C46CCA00ADC106 /* L007_Reverse Integer.swift in Sources */,
				7102F5A122DEAE55007F787E /* L122_Best Time to Buy and Sell Stock II.swift in Sources */,
				719A2E3022CD507500A635BE /* L053_Maximum Subarray.swift in Sources */,
				719A2E3822CE73E100A635BE /* L069_Square Root.swift in Sources */,
				71EB843E22D635800072D039 /* L206_Reverse Linked List.swift in Sources */,
				7102F5AB22DFE75F007F787E /* L169_Majority Element.swift in Sources */,
				7102F59D22DE6315007F787E /* L119_Pascal Triangle II.swift in Sources */,
				719A2E3622CE5DB000A635BE /* L067_Add Binary.swift in Sources */,
				7110F98B22C4749E00ADC106 /* L020_Valid Parantheses.swift in Sources */,
				7121A2CB22D6990B00996954 /* L104_Maximum Depth of Binary Tree.swift in Sources */,
				7102F5A522DF82EC007F787E /* L155_Min Stack.swift in Sources */,
			);
			runOnlyForDeploymentPostprocessing = 0;
		};
/* End PBXSourcesBuildPhase section */

/* Begin PBXTargetDependency section */
		71B4D32322C469D0005EBCD2 /* PBXTargetDependency */ = {
			isa = PBXTargetDependency;
			target = 71B4D31622C469D0005EBCD2 /* LeetCode */;
			targetProxy = 71B4D32222C469D0005EBCD2 /* PBXContainerItemProxy */;
		};
/* End PBXTargetDependency section */

/* Begin XCBuildConfiguration section */
		71B4D32922C469D0005EBCD2 /* Debug */ = {
			isa = XCBuildConfiguration;
			buildSettings = {
				ALWAYS_SEARCH_USER_PATHS = NO;
				CLANG_ANALYZER_NONNULL = YES;
				CLANG_ANALYZER_NUMBER_OBJECT_CONVERSION = YES_AGGRESSIVE;
				CLANG_CXX_LANGUAGE_STANDARD = "gnu++14";
				CLANG_CXX_LIBRARY = "libc++";
				CLANG_ENABLE_MODULES = YES;
				CLANG_ENABLE_OBJC_ARC = YES;
				CLANG_ENABLE_OBJC_WEAK = YES;
				CLANG_WARN_BLOCK_CAPTURE_AUTORELEASING = YES;
				CLANG_WARN_BOOL_CONVERSION = YES;
				CLANG_WARN_COMMA = YES;
				CLANG_WARN_CONSTANT_CONVERSION = YES;
				CLANG_WARN_DEPRECATED_OBJC_IMPLEMENTATIONS = YES;
				CLANG_WARN_DIRECT_OBJC_ISA_USAGE = YES_ERROR;
				CLANG_WARN_DOCUMENTATION_COMMENTS = YES;
				CLANG_WARN_EMPTY_BODY = YES;
				CLANG_WARN_ENUM_CONVERSION = YES;
				CLANG_WARN_INFINITE_RECURSION = YES;
				CLANG_WARN_INT_CONVERSION = YES;
				CLANG_WARN_NON_LITERAL_NULL_CONVERSION = YES;
				CLANG_WARN_OBJC_IMPLICIT_RETAIN_SELF = YES;
				CLANG_WARN_OBJC_LITERAL_CONVERSION = YES;
				CLANG_WARN_OBJC_ROOT_CLASS = YES_ERROR;
				CLANG_WARN_RANGE_LOOP_ANALYSIS = YES;
				CLANG_WARN_STRICT_PROTOTYPES = YES;
				CLANG_WARN_SUSPICIOUS_MOVE = YES;
				CLANG_WARN_UNGUARDED_AVAILABILITY = YES_AGGRESSIVE;
				CLANG_WARN_UNREACHABLE_CODE = YES;
				CLANG_WARN__DUPLICATE_METHOD_MATCH = YES;
				CODE_SIGN_IDENTITY = "iPhone Developer";
				COPY_PHASE_STRIP = NO;
				CURRENT_PROJECT_VERSION = 1;
				DEBUG_INFORMATION_FORMAT = dwarf;
				ENABLE_STRICT_OBJC_MSGSEND = YES;
				ENABLE_TESTABILITY = YES;
				GCC_C_LANGUAGE_STANDARD = gnu11;
				GCC_DYNAMIC_NO_PIC = NO;
				GCC_NO_COMMON_BLOCKS = YES;
				GCC_OPTIMIZATION_LEVEL = 0;
				GCC_PREPROCESSOR_DEFINITIONS = (
					"DEBUG=1",
					"$(inherited)",
				);
				GCC_WARN_64_TO_32_BIT_CONVERSION = YES;
				GCC_WARN_ABOUT_RETURN_TYPE = YES_ERROR;
				GCC_WARN_UNDECLARED_SELECTOR = YES;
				GCC_WARN_UNINITIALIZED_AUTOS = YES_AGGRESSIVE;
				GCC_WARN_UNUSED_FUNCTION = YES;
				GCC_WARN_UNUSED_VARIABLE = YES;
				IPHONEOS_DEPLOYMENT_TARGET = 12.2;
				MTL_ENABLE_DEBUG_INFO = INCLUDE_SOURCE;
				MTL_FAST_MATH = YES;
				ONLY_ACTIVE_ARCH = YES;
				SDKROOT = iphoneos;
				SWIFT_ACTIVE_COMPILATION_CONDITIONS = DEBUG;
				SWIFT_OPTIMIZATION_LEVEL = "-Onone";
				VERSIONING_SYSTEM = "apple-generic";
				VERSION_INFO_PREFIX = "";
			};
			name = Debug;
		};
		71B4D32A22C469D0005EBCD2 /* Release */ = {
			isa = XCBuildConfiguration;
			buildSettings = {
				ALWAYS_SEARCH_USER_PATHS = NO;
				CLANG_ANALYZER_NONNULL = YES;
				CLANG_ANALYZER_NUMBER_OBJECT_CONVERSION = YES_AGGRESSIVE;
				CLANG_CXX_LANGUAGE_STANDARD = "gnu++14";
				CLANG_CXX_LIBRARY = "libc++";
				CLANG_ENABLE_MODULES = YES;
				CLANG_ENABLE_OBJC_ARC = YES;
				CLANG_ENABLE_OBJC_WEAK = YES;
				CLANG_WARN_BLOCK_CAPTURE_AUTORELEASING = YES;
				CLANG_WARN_BOOL_CONVERSION = YES;
				CLANG_WARN_COMMA = YES;
				CLANG_WARN_CONSTANT_CONVERSION = YES;
				CLANG_WARN_DEPRECATED_OBJC_IMPLEMENTATIONS = YES;
				CLANG_WARN_DIRECT_OBJC_ISA_USAGE = YES_ERROR;
				CLANG_WARN_DOCUMENTATION_COMMENTS = YES;
				CLANG_WARN_EMPTY_BODY = YES;
				CLANG_WARN_ENUM_CONVERSION = YES;
				CLANG_WARN_INFINITE_RECURSION = YES;
				CLANG_WARN_INT_CONVERSION = YES;
				CLANG_WARN_NON_LITERAL_NULL_CONVERSION = YES;
				CLANG_WARN_OBJC_IMPLICIT_RETAIN_SELF = YES;
				CLANG_WARN_OBJC_LITERAL_CONVERSION = YES;
				CLANG_WARN_OBJC_ROOT_CLASS = YES_ERROR;
				CLANG_WARN_RANGE_LOOP_ANALYSIS = YES;
				CLANG_WARN_STRICT_PROTOTYPES = YES;
				CLANG_WARN_SUSPICIOUS_MOVE = YES;
				CLANG_WARN_UNGUARDED_AVAILABILITY = YES_AGGRESSIVE;
				CLANG_WARN_UNREACHABLE_CODE = YES;
				CLANG_WARN__DUPLICATE_METHOD_MATCH = YES;
				CODE_SIGN_IDENTITY = "iPhone Developer";
				COPY_PHASE_STRIP = NO;
				CURRENT_PROJECT_VERSION = 1;
				DEBUG_INFORMATION_FORMAT = "dwarf-with-dsym";
				ENABLE_NS_ASSERTIONS = NO;
				ENABLE_STRICT_OBJC_MSGSEND = YES;
				GCC_C_LANGUAGE_STANDARD = gnu11;
				GCC_NO_COMMON_BLOCKS = YES;
				GCC_WARN_64_TO_32_BIT_CONVERSION = YES;
				GCC_WARN_ABOUT_RETURN_TYPE = YES_ERROR;
				GCC_WARN_UNDECLARED_SELECTOR = YES;
				GCC_WARN_UNINITIALIZED_AUTOS = YES_AGGRESSIVE;
				GCC_WARN_UNUSED_FUNCTION = YES;
				GCC_WARN_UNUSED_VARIABLE = YES;
				IPHONEOS_DEPLOYMENT_TARGET = 12.2;
				MTL_ENABLE_DEBUG_INFO = NO;
				MTL_FAST_MATH = YES;
				SDKROOT = iphoneos;
				SWIFT_COMPILATION_MODE = wholemodule;
				SWIFT_OPTIMIZATION_LEVEL = "-O";
				VALIDATE_PRODUCT = YES;
				VERSIONING_SYSTEM = "apple-generic";
				VERSION_INFO_PREFIX = "";
			};
			name = Release;
		};
		71B4D32C22C469D0005EBCD2 /* Debug */ = {
			isa = XCBuildConfiguration;
			buildSettings = {
				CODE_SIGN_IDENTITY = "";
				CODE_SIGN_STYLE = Automatic;
				DEFINES_MODULE = YES;
				DYLIB_COMPATIBILITY_VERSION = 1;
				DYLIB_CURRENT_VERSION = 1;
				DYLIB_INSTALL_NAME_BASE = "@rpath";
				INFOPLIST_FILE = LeetCode/Info.plist;
				INSTALL_PATH = "$(LOCAL_LIBRARY_DIR)/Frameworks";
				LD_RUNPATH_SEARCH_PATHS = (
					"$(inherited)",
					"@executable_path/Frameworks",
					"@loader_path/Frameworks",
				);
				PRODUCT_BUNDLE_IDENTIFIER = io.chengrayyu.LeetCode;
				PRODUCT_NAME = "$(TARGET_NAME:c99extidentifier)";
				SKIP_INSTALL = YES;
				SWIFT_VERSION = 5.0;
				TARGETED_DEVICE_FAMILY = "1,2";
			};
			name = Debug;
		};
		71B4D32D22C469D0005EBCD2 /* Release */ = {
			isa = XCBuildConfiguration;
			buildSettings = {
				CODE_SIGN_IDENTITY = "";
				CODE_SIGN_STYLE = Automatic;
				DEFINES_MODULE = YES;
				DYLIB_COMPATIBILITY_VERSION = 1;
				DYLIB_CURRENT_VERSION = 1;
				DYLIB_INSTALL_NAME_BASE = "@rpath";
				INFOPLIST_FILE = LeetCode/Info.plist;
				INSTALL_PATH = "$(LOCAL_LIBRARY_DIR)/Frameworks";
				LD_RUNPATH_SEARCH_PATHS = (
					"$(inherited)",
					"@executable_path/Frameworks",
					"@loader_path/Frameworks",
				);
				PRODUCT_BUNDLE_IDENTIFIER = io.chengrayyu.LeetCode;
				PRODUCT_NAME = "$(TARGET_NAME:c99extidentifier)";
				SKIP_INSTALL = YES;
				SWIFT_VERSION = 5.0;
				TARGETED_DEVICE_FAMILY = "1,2";
			};
			name = Release;
		};
		71B4D32F22C469D0005EBCD2 /* Debug */ = {
			isa = XCBuildConfiguration;
			buildSettings = {
				CLANG_ENABLE_MODULES = YES;
				CODE_SIGN_STYLE = Automatic;
				INFOPLIST_FILE = LeetCodeTests/Info.plist;
				LD_RUNPATH_SEARCH_PATHS = (
					"$(inherited)",
					"@executable_path/Frameworks",
					"@loader_path/Frameworks",
				);
				PRODUCT_BUNDLE_IDENTIFIER = io.chengrayyu.LeetCodeTests;
				PRODUCT_NAME = "$(TARGET_NAME)";
				SWIFT_OPTIMIZATION_LEVEL = "-Onone";
				SWIFT_VERSION = 5.0;
				TARGETED_DEVICE_FAMILY = "1,2";
			};
			name = Debug;
		};
		71B4D33022C469D0005EBCD2 /* Release */ = {
			isa = XCBuildConfiguration;
			buildSettings = {
				CLANG_ENABLE_MODULES = YES;
				CODE_SIGN_STYLE = Automatic;
				INFOPLIST_FILE = LeetCodeTests/Info.plist;
				LD_RUNPATH_SEARCH_PATHS = (
					"$(inherited)",
					"@executable_path/Frameworks",
					"@loader_path/Frameworks",
				);
				PRODUCT_BUNDLE_IDENTIFIER = io.chengrayyu.LeetCodeTests;
				PRODUCT_NAME = "$(TARGET_NAME)";
				SWIFT_VERSION = 5.0;
				TARGETED_DEVICE_FAMILY = "1,2";
			};
			name = Release;
		};
/* End XCBuildConfiguration section */

/* Begin XCConfigurationList section */
		71B4D31122C469D0005EBCD2 /* Build configuration list for PBXProject "LeetCode" */ = {
			isa = XCConfigurationList;
			buildConfigurations = (
				71B4D32922C469D0005EBCD2 /* Debug */,
				71B4D32A22C469D0005EBCD2 /* Release */,
			);
			defaultConfigurationIsVisible = 0;
			defaultConfigurationName = Release;
		};
		71B4D32B22C469D0005EBCD2 /* Build configuration list for PBXNativeTarget "LeetCode" */ = {
			isa = XCConfigurationList;
			buildConfigurations = (
				71B4D32C22C469D0005EBCD2 /* Debug */,
				71B4D32D22C469D0005EBCD2 /* Release */,
			);
			defaultConfigurationIsVisible = 0;
			defaultConfigurationName = Release;
		};
		71B4D32E22C469D0005EBCD2 /* Build configuration list for PBXNativeTarget "LeetCodeTests" */ = {
			isa = XCConfigurationList;
			buildConfigurations = (
				71B4D32F22C469D0005EBCD2 /* Debug */,
				71B4D33022C469D0005EBCD2 /* Release */,
			);
			defaultConfigurationIsVisible = 0;
			defaultConfigurationName = Release;
		};
/* End XCConfigurationList section */
	};
	rootObject = 71B4D30E22C469D0005EBCD2 /* Project object */;
}
